// !$*UTF8*$!
{
	archiveVersion = 1;
	classes = {
	};
	objectVersion = 77;
	objects = {

/* Begin PBXBuildFile section */
		206B7C142FB68CA600940CD8 /* WidgetKit.framework in Frameworks */ = {isa = PBXBuildFile; fileRef = 206B7C132FB68CA600940CD8 /* WidgetKit.framework */; };
		206B7C162FB68CA600940CD8 /* SwiftUI.framework in Frameworks */ = {isa = PBXBuildFile; fileRef = 206B7C152FB68CA600940CD8 /* SwiftUI.framework */; };
		206B7C272FB68CA900940CD8 /* FlightTrackerWidgetExtension.appex in Embed Foundation Extensions */ = {isa = PBXBuildFile; fileRef = 206B7C112FB68CA600940CD8 /* FlightTrackerWidgetExtension.appex */; settings = {ATTRIBUTES = (RemoveHeadersOnCopy, ); }; };
/* End PBXBuildFile section */

/* Begin PBXContainerItemProxy section */
		206B7C252FB68CA900940CD8 /* PBXContainerItemProxy */ = {
			isa = PBXContainerItemProxy;
			containerPortal = 206B7BF72FB68C5F00940CD8 /* Project object */;
			proxyType = 1;
			remoteGlobalIDString = 206B7C102FB68CA600940CD8;
			remoteInfo = FlightTrackerWidgetExtension;
		};
/* End PBXContainerItemProxy section */

/* Begin PBXCopyFilesBuildPhase section */
		206B7C2C2FB68CA900940CD8 /* Embed Foundation Extensions */ = {
			isa = PBXCopyFilesBuildPhase;
			buildActionMask = 2147483647;
			dstPath = "";
			dstSubfolderSpec = 13;
			files = (
				206B7C272FB68CA900940CD8 /* FlightTrackerWidgetExtension.appex in Embed Foundation Extensions */,
			);
			name = "Embed Foundation Extensions";
			runOnlyForDeploymentPostprocessing = 0;
		};
		206B7C4E2FB68DF100940CD8 /* Embed Watch Content */ = {
			isa = PBXCopyFilesBuildPhase;
			buildActionMask = 2147483647;
			dstPath = "$(CONTENTS_FOLDER_PATH)/Watch";
			dstSubfolderSpec = 16;
			files = (
			);
			name = "Embed Watch Content";
			runOnlyForDeploymentPostprocessing = 0;
		};
/* End PBXCopyFilesBuildPhase section */

/* Begin PBXFileReference section */
		206B7BFF2FB68C5F00940CD8 /* flight-tracker.app */ = {isa = PBXFileReference; explicitFileType = wrapper.application; includeInIndex = 0; path = "flight-tracker.app"; sourceTree = BUILT_PRODUCTS_DIR; };
		206B7C112FB68CA600940CD8 /* FlightTrackerWidgetExtension.appex */ = {isa = PBXFileReference; explicitFileType = "wrapper.app-extension"; includeInIndex = 0; path = FlightTrackerWidgetExtension.appex; sourceTree = BUILT_PRODUCTS_DIR; };
		206B7C132FB68CA600940CD8 /* WidgetKit.framework */ = {isa = PBXFileReference; lastKnownFileType = wrapper.framework; name = WidgetKit.framework; path = System/Library/Frameworks/WidgetKit.framework; sourceTree = SDKROOT; };
		206B7C152FB68CA600940CD8 /* SwiftUI.framework */ = {isa = PBXFileReference; lastKnownFileType = wrapper.framework; name = SwiftUI.framework; path = System/Library/Frameworks/SwiftUI.framework; sourceTree = SDKROOT; };
		206B7C402FB68DEF00940CD8 /* FlightTrackerWatch Watch App.app */ = {isa = PBXFileReference; explicitFileType = wrapper.application; includeInIndex = 0; path = "FlightTrackerWatch Watch App.app"; sourceTree = BUILT_PRODUCTS_DIR; };
		206B7C612FB6A00000940CD8 /* Secrets.xcconfig */ = {isa = PBXFileReference; lastKnownFileType = text.xcconfig; path = Secrets.xcconfig; sourceTree = "<group>"; };
		206B7C632FB6A00000940CD8 /* Secrets.xcconfig.example */ = {isa = PBXFileReference; lastKnownFileType = text.xcconfig; path = Secrets.xcconfig.example; sourceTree = "<group>"; };
/* End PBXFileReference section */

/* Begin PBXFileSystemSynchronizedBuildFileExceptionSet section */
		206B7C282FB68CA900940CD8 /* Exceptions for "FlightTrackerWidget" folder in "FlightTrackerWidgetExtension" target */ = {
			isa = PBXFileSystemSynchronizedBuildFileExceptionSet;
			membershipExceptions = (
				Info.plist,
			);
			target = 206B7C102FB68CA600940CD8 /* FlightTrackerWidgetExtension */;
		};
		206B7C5D2FB692B900940CD8 /* Exceptions for "flight-tracker" folder in "FlightTrackerWidgetExtension" target */ = {
			isa = PBXFileSystemSynchronizedBuildFileExceptionSet;
			membershipExceptions = (
				AeroDataBoxRouteService.swift,
				AircraftIcon.swift,
				AirlineLEDCache.swift,
				APIConfiguration.swift,
				FlightData.swift,
				FlightDeepLink.swift,
				FlightDisplay.swift,
				FlightService.swift,
				OpenSkyAuth.swift,
				OpenSkyRouteService.swift,
				RouteData.swift,
				RouteLookupService.swift,
				SharedWidgetLocation.swift,
				WidgetBoardStore.swift,
				WidgetFlightCache.swift,
				WidgetLocationFetcher.swift,
			);
			target = 206B7C102FB68CA600940CD8 /* FlightTrackerWidgetExtension */;
		};
		206B7C5F2FB692B900940CD8 /* Exceptions for "flight-tracker" folder in "FlightTrackerWatch Watch App" target */ = {
			isa = PBXFileSystemSynchronizedBuildFileExceptionSet;
			membershipExceptions = (
				AeroDataBoxRouteService.swift,
				APIConfiguration.swift,
				FlightData.swift,
				FlightService.swift,
				OpenSkyAuth.swift,
				OpenSkyRouteService.swift,
				RouteLookupService.swift,
			);
			target = 206B7C3F2FB68DEF00940CD8 /* FlightTrackerWatch Watch App */;
		};
/* End PBXFileSystemSynchronizedBuildFileExceptionSet section */

/* Begin PBXFileSystemSynchronizedRootGroup section */
		206B7C012FB68C5F00940CD8 /* flight-tracker */ = {
			isa = PBXFileSystemSynchronizedRootGroup;
			exceptions = (
				206B7C5D2FB692B900940CD8 /* Exceptions for "flight-tracker" folder in "FlightTrackerWidgetExtension" target */,
				206B7C5F2FB692B900940CD8 /* Exceptions for "flight-tracker" folder in "FlightTrackerWatch Watch App" target */,
			);
			path = "flight-tracker";
			sourceTree = "<group>";
		};
		206B7C172FB68CA600940CD8 /* FlightTrackerWidget */ = {
			isa = PBXFileSystemSynchronizedRootGroup;
			exceptions = (
				206B7C282FB68CA900940CD8 /* Exceptions for "FlightTrackerWidget" folder in "FlightTrackerWidgetExtension" target */,
			);
			path = FlightTrackerWidget;
			sourceTree = "<group>";
		};
		206B7C412FB68DEF00940CD8 /* FlightTrackerWatch Watch App */ = {
			isa = PBXFileSystemSynchronizedRootGroup;
			path = "FlightTrackerWatch Watch App";
			sourceTree = "<group>";
		};
/* End PBXFileSystemSynchronizedRootGroup section */

/* Begin PBXFrameworksBuildPhase section */
		206B7BFC2FB68C5F00940CD8 /* Frameworks */ = {
			isa = PBXFrameworksBuildPhase;
			buildActionMask = 2147483647;
			files = (
			);
			runOnlyForDeploymentPostprocessing = 0;
		};
		206B7C0E2FB68CA600940CD8 /* Frameworks */ = {
			isa = PBXFrameworksBuildPhase;
			buildActionMask = 2147483647;
			files = (
				206B7C162FB68CA600940CD8 /* SwiftUI.framework in Frameworks */,
				206B7C142FB68CA600940CD8 /* WidgetKit.framework in Frameworks */,
			);
			runOnlyForDeploymentPostprocessing = 0;
		};
		206B7C3D2FB68DEF00940CD8 /* Frameworks */ = {
			isa = PBXFrameworksBuildPhase;
			buildActionMask = 2147483647;
			files = (
			);
			runOnlyForDeploymentPostprocessing = 0;
		};
/* End PBXFrameworksBuildPhase section */

/* Begin PBXGroup section */
		206B7BF62FB68C5F00940CD8 = {
			isa = PBXGroup;
			children = (
				206B7C622FB6A00000940CD8 /* Config */,
				206B7C012FB68C5F00940CD8 /* flight-tracker */,
				206B7C172FB68CA600940CD8 /* FlightTrackerWidget */,
				206B7C412FB68DEF00940CD8 /* FlightTrackerWatch Watch App */,
				206B7C122FB68CA600940CD8 /* Frameworks */,
				206B7C002FB68C5F00940CD8 /* Products */,
			);
			sourceTree = "<group>";
		};
		206B7C002FB68C5F00940CD8 /* Products */ = {
			isa = PBXGroup;
			children = (
				206B7BFF2FB68C5F00940CD8 /* flight-tracker.app */,
				206B7C112FB68CA600940CD8 /* FlightTrackerWidgetExtension.appex */,
				206B7C402FB68DEF00940CD8 /* FlightTrackerWatch Watch App.app */,
			);
			name = Products;
			sourceTree = "<group>";
		};
		206B7C122FB68CA600940CD8 /* Frameworks */ = {
			isa = PBXGroup;
			children = (
				206B7C132FB68CA600940CD8 /* WidgetKit.framework */,
				206B7C152FB68CA600940CD8 /* SwiftUI.framework */,
			);
			name = Frameworks;
			sourceTree = "<group>";
		};
		206B7C622FB6A00000940CD8 /* Config */ = {
			isa = PBXGroup;
			children = (
				206B7C612FB6A00000940CD8 /* Secrets.xcconfig */,
				206B7C632FB6A00000940CD8 /* Secrets.xcconfig.example */,
			);
			path = Config;
			sourceTree = "<group>";
		};
/* End PBXGroup section */

/* Begin PBXNativeTarget section */
		206B7BFE2FB68C5F00940CD8 /* flight-tracker */ = {
			isa = PBXNativeTarget;
			buildConfigurationList = 206B7C0A2FB68C6100940CD8 /* Build configuration list for PBXNativeTarget "flight-tracker" */;
			buildPhases = (
				206B7BFB2FB68C5F00940CD8 /* Sources */,
				206B7BFC2FB68C5F00940CD8 /* Frameworks */,
				206B7BFD2FB68C5F00940CD8 /* Resources */,
				206B7C2C2FB68CA900940CD8 /* Embed Foundation Extensions */,
				206B7C4E2FB68DF100940CD8 /* Embed Watch Content */,
			);
			buildRules = (
			);
			dependencies = (
				206B7C262FB68CA900940CD8 /* PBXTargetDependency */,
			);
			fileSystemSynchronizedGroups = (
				206B7C012FB68C5F00940CD8 /* flight-tracker */,
			);
			name = "flight-tracker";
			packageProductDependencies = (
			);
			productName = "flight-tracker";
			productReference = 206B7BFF2FB68C5F00940CD8 /* flight-tracker.app */;
			productType = "com.apple.product-type.application";
		};
		206B7C102FB68CA600940CD8 /* FlightTrackerWidgetExtension */ = {
			isa = PBXNativeTarget;
			buildConfigurationList = 206B7C292FB68CA900940CD8 /* Build configuration list for PBXNativeTarget "FlightTrackerWidgetExtension" */;
			buildPhases = (
				206B7C0D2FB68CA600940CD8 /* Sources */,
				206B7C0E2FB68CA600940CD8 /* Frameworks */,
				206B7C0F2FB68CA600940CD8 /* Resources */,
			);
			buildRules = (
			);
			dependencies = (
			);
			fileSystemSynchronizedGroups = (
				206B7C172FB68CA600940CD8 /* FlightTrackerWidget */,
			);
			name = FlightTrackerWidgetExtension;
			packageProductDependencies = (
			);
			productName = FlightTrackerWidgetExtension;
			productReference = 206B7C112FB68CA600940CD8 /* FlightTrackerWidgetExtension.appex */;
			productType = "com.apple.product-type.app-extension";
		};
		206B7C3F2FB68DEF00940CD8 /* FlightTrackerWatch Watch App */ = {
			isa = PBXNativeTarget;
			buildConfigurationList = 206B7C4B2FB68DF100940CD8 /* Build configuration list for PBXNativeTarget "FlightTrackerWatch Watch App" */;
			buildPhases = (
				206B7C3C2FB68DEF00940CD8 /* Sources */,
				206B7C3D2FB68DEF00940CD8 /* Frameworks */,
				206B7C3E2FB68DEF00940CD8 /* Resources */,
			);
			buildRules = (
			);
			dependencies = (
			);
			fileSystemSynchronizedGroups = (
				206B7C412FB68DEF00940CD8 /* FlightTrackerWatch Watch App */,
			);
			name = "FlightTrackerWatch Watch App";
			packageProductDependencies = (
			);
			productName = "FlightTrackerWatch Watch App";
			productReference = 206B7C402FB68DEF00940CD8 /* FlightTrackerWatch Watch App.app */;
			productType = "com.apple.product-type.application";
		};
/* End PBXNativeTarget section */

/* Begin PBXProject section */
		206B7BF72FB68C5F00940CD8 /* Project object */ = {
			isa = PBXProject;
			attributes = {
				BuildIndependentTargetsInParallel = 1;
				LastSwiftUpdateCheck = 2630;
				LastUpgradeCheck = 2630;
				TargetAttributes = {
					206B7BFE2FB68C5F00940CD8 = {
						CreatedOnToolsVersion = 26.3;
					};
					206B7C102FB68CA600940CD8 = {
						CreatedOnToolsVersion = 26.3;
					};
					206B7C3F2FB68DEF00940CD8 = {
						CreatedOnToolsVersion = 26.3;
					};
				};
			};
			buildConfigurationList = 206B7BFA2FB68C5F00940CD8 /* Build configuration list for PBXProject "flight-tracker" */;
			developmentRegion = en;
			hasScannedForEncodings = 0;
			knownRegions = (
				en,
				Base,
			);
			mainGroup = 206B7BF62FB68C5F00940CD8;
			minimizedProjectReferenceProxies = 1;
			preferredProjectObjectVersion = 77;
			productRefGroup = 206B7C002FB68C5F00940CD8 /* Products */;
			projectDirPath = "";
			projectRoot = "";
			targets = (
				206B7BFE2FB68C5F00940CD8 /* flight-tracker */,
				206B7C102FB68CA600940CD8 /* FlightTrackerWidgetExtension */,
				206B7C3F2FB68DEF00940CD8 /* FlightTrackerWatch Watch App */,
			);
		};
/* End PBXProject section */

/* Begin PBXResourcesBuildPhase section */
		206B7BFD2FB68C5F00940CD8 /* Resources */ = {
			isa = PBXResourcesBuildPhase;
			buildActionMask = 2147483647;
			files = (
			);
			runOnlyForDeploymentPostprocessing = 0;
		};
		206B7C0F2FB68CA600940CD8 /* Resources */ = {
			isa = PBXResourcesBuildPhase;
			buildActionMask = 2147483647;
			files = (
			);
			runOnlyForDeploymentPostprocessing = 0;
		};
		206B7C3E2FB68DEF00940CD8 /* Resources */ = {
			isa = PBXResourcesBuildPhase;
			buildActionMask = 2147483647;
			files = (
			);
			runOnlyForDeploymentPostprocessing = 0;
		};
/* End PBXResourcesBuildPhase section */

/* Begin PBXSourcesBuildPhase section */
		206B7BFB2FB68C5F00940CD8 /* Sources */ = {
			isa = PBXSourcesBuildPhase;
			buildActionMask = 2147483647;
			files = (
			);
			runOnlyForDeploymentPostprocessing = 0;
		};
		206B7C0D2FB68CA600940CD8 /* Sources */ = {
			isa = PBXSourcesBuildPhase;
			buildActionMask = 2147483647;
			files = (
			);
			runOnlyForDeploymentPostprocessing = 0;
		};
		206B7C3C2FB68DEF00940CD8 /* Sources */ = {
			isa = PBXSourcesBuildPhase;
			buildActionMask = 2147483647;
			files = (
			);
			runOnlyForDeploymentPostprocessing = 0;
		};
/* End PBXSourcesBuildPhase section */

/* Begin PBXTargetDependency section */
		206B7C262FB68CA900940CD8 /* PBXTargetDependency */ = {
			isa = PBXTargetDependency;
			target = 206B7C102FB68CA600940CD8 /* FlightTrackerWidgetExtension */;
			targetProxy = 206B7C252FB68CA900940CD8 /* PBXContainerItemProxy */;
		};
/* End PBXTargetDependency section */

/* Begin XCBuildConfiguration section */
		206B7C082FB68C6100940CD8 /* Debug */ = {
			isa = XCBuildConfiguration;
			baseConfigurationReference = 206B7C612FB6A00000940CD8 /* Secrets.xcconfig */;
			buildSettings = {
				ALWAYS_SEARCH_USER_PATHS = NO;
				ASSETCATALOG_COMPILER_GENERATE_SWIFT_ASSET_SYMBOL_EXTENSIONS = YES;
				CLANG_ANALYZER_NONNULL = YES;
				CLANG_ANALYZER_NUMBER_OBJECT_CONVERSION = YES_AGGRESSIVE;
				CLANG_CXX_LANGUAGE_STANDARD = "gnu++20";
				CLANG_ENABLE_MODULES = YES;
				CLANG_ENABLE_OBJC_ARC = YES;
				CLANG_ENABLE_OBJC_WEAK = YES;
				CLANG_WARN_BLOCK_CAPTURE_AUTORELEASING = YES;
				CLANG_WARN_BOOL_CONVERSION = YES;
				CLANG_WARN_COMMA = YES;
				CLANG_WARN_CONSTANT_CONVERSION = YES;
				CLANG_WARN_DEPRECATED_OBJC_IMPLEMENTATIONS = YES;
				CLANG_WARN_DIRECT_OBJC_ISA_USAGE = YES_ERROR;
				CLANG_WARN_DOCUMENTATION_COMMENTS = YES;
				CLANG_WARN_EMPTY_BODY = YES;
				CLANG_WARN_ENUM_CONVERSION = YES;
				CLANG_WARN_INFINITE_RECURSION = YES;
				CLANG_WARN_INT_CONVERSION = YES;
				CLANG_WARN_NON_LITERAL_NULL_CONVERSION = YES;
				CLANG_WARN_OBJC_IMPLICIT_RETAIN_SELF = YES;
				CLANG_WARN_OBJC_LITERAL_CONVERSION = YES;
				CLANG_WARN_OBJC_ROOT_CLASS = YES_ERROR;
				CLANG_WARN_QUOTED_INCLUDE_IN_FRAMEWORK_HEADER = YES;
				CLANG_WARN_RANGE_LOOP_ANALYSIS = YES;
				CLANG_WARN_STRICT_PROTOTYPES = YES;
				CLANG_WARN_SUSPICIOUS_MOVE = YES;
				CLANG_WARN_UNGUARDED_AVAILABILITY = YES_AGGRESSIVE;
				CLANG_WARN_UNREACHABLE_CODE = YES;
				CLANG_WARN__DUPLICATE_METHOD_MATCH = YES;
				COPY_PHASE_STRIP = NO;
				DEBUG_INFORMATION_FORMAT = dwarf;
				ENABLE_STRICT_OBJC_MSGSEND = YES;
				ENABLE_TESTABILITY = YES;
				ENABLE_USER_SCRIPT_SANDBOXING = YES;
				GCC_C_LANGUAGE_STANDARD = gnu17;
				GCC_DYNAMIC_NO_PIC = NO;
				GCC_NO_COMMON_BLOCKS = YES;
				GCC_OPTIMIZATION_LEVEL = 0;
				GCC_PREPROCESSOR_DEFINITIONS = (
					"DEBUG=1",
					"$(inherited)",
				);
				GCC_WARN_64_TO_32_BIT_CONVERSION = YES;
				GCC_WARN_ABOUT_RETURN_TYPE = YES_ERROR;
				GCC_WARN_UNDECLARED_SELECTOR = YES;
				GCC_WARN_UNINITIALIZED_AUTOS = YES_AGGRESSIVE;
				GCC_WARN_UNUSED_FUNCTION = YES;
				GCC_WARN_UNUSED_VARIABLE = YES;
				IPHONEOS_DEPLOYMENT_TARGET = 26.2;
				LOCALIZATION_PREFERS_STRING_CATALOGS = YES;
				MTL_ENABLE_DEBUG_INFO = INCLUDE_SOURCE;
				MTL_FAST_MATH = YES;
				ONLY_ACTIVE_ARCH = YES;
				SDKROOT = iphoneos;
				SWIFT_ACTIVE_COMPILATION_CONDITIONS = "DEBUG $(inherited)";
				SWIFT_OPTIMIZATION_LEVEL = "-Onone";
			};
			name = Debug;
		};
		206B7C092FB68C6100940CD8 /* Release */ = {
			isa = XCBuildConfiguration;
			baseConfigurationReference = 206B7C612FB6A00000940CD8 /* Secrets.xcconfig */;
			buildSettings = {
				ALWAYS_SEARCH_USER_PATHS = NO;
				ASSETCATALOG_COMPILER_GENERATE_SWIFT_ASSET_SYMBOL_EXTENSIONS = YES;
				CLANG_ANALYZER_NONNULL = YES;
				CLANG_ANALYZER_NUMBER_OBJECT_CONVERSION = YES_AGGRESSIVE;
				CLANG_CXX_LANGUAGE_STANDARD = "gnu++20";
				CLANG_ENABLE_MODULES = YES;
				CLANG_ENABLE_OBJC_ARC = YES;
				CLANG_ENABLE_OBJC_WEAK = YES;
				CLANG_WARN_BLOCK_CAPTURE_AUTORELEASING = YES;
				CLANG_WARN_BOOL_CONVERSION = YES;
				CLANG_WARN_COMMA = YES;
				CLANG_WARN_CONSTANT_CONVERSION = YES;
				CLANG_WARN_DEPRECATED_OBJC_IMPLEMENTATIONS = YES;
				CLANG_WARN_DIRECT_OBJC_ISA_USAGE = YES_ERROR;
				CLANG_WARN_DOCUMENTATION_COMMENTS = YES;
				CLANG_WARN_EMPTY_BODY = YES;
				CLANG_WARN_ENUM_CONVERSION = YES;
				CLANG_WARN_INFINITE_RECURSION = YES;
				CLANG_WARN_INT_CONVERSION = YES;
				CLANG_WARN_NON_LITERAL_NULL_CONVERSION = YES;
				CLANG_WARN_OBJC_IMPLICIT_RETAIN_SELF = YES;
				CLANG_WARN_OBJC_LITERAL_CONVERSION = YES;
				CLANG_WARN_OBJC_ROOT_CLASS = YES_ERROR;
				CLANG_WARN_QUOTED_INCLUDE_IN_FRAMEWORK_HEADER = YES;
				CLANG_WARN_RANGE_LOOP_ANALYSIS = YES;
				CLANG_WARN_STRICT_PROTOTYPES = YES;
				CLANG_WARN_SUSPICIOUS_MOVE = YES;
				CLANG_WARN_UNGUARDED_AVAILABILITY = YES_AGGRESSIVE;
				CLANG_WARN_UNREACHABLE_CODE = YES;
				CLANG_WARN__DUPLICATE_METHOD_MATCH = YES;
				COPY_PHASE_STRIP = NO;
				DEBUG_INFORMATION_FORMAT = "dwarf-with-dsym";
				ENABLE_NS_ASSERTIONS = NO;
				ENABLE_STRICT_OBJC_MSGSEND = YES;
				ENABLE_USER_SCRIPT_SANDBOXING = YES;
				GCC_C_LANGUAGE_STANDARD = gnu17;
				GCC_NO_COMMON_BLOCKS = YES;
				GCC_WARN_64_TO_32_BIT_CONVERSION = YES;
				GCC_WARN_ABOUT_RETURN_TYPE = YES_ERROR;
				GCC_WARN_UNDECLARED_SELECTOR = YES;
				GCC_WARN_UNINITIALIZED_AUTOS = YES_AGGRESSIVE;
				GCC_WARN_UNUSED_FUNCTION = YES;
				GCC_WARN_UNUSED_VARIABLE = YES;
				IPHONEOS_DEPLOYMENT_TARGET = 26.2;
				LOCALIZATION_PREFERS_STRING_CATALOGS = YES;
				MTL_ENABLE_DEBUG_INFO = NO;
				MTL_FAST_MATH = YES;
				SDKROOT = iphoneos;
				SWIFT_COMPILATION_MODE = wholemodule;
				VALIDATE_PRODUCT = YES;
			};
			name = Release;
		};
		206B7C0B2FB68C6100940CD8 /* Debug */ = {
			isa = XCBuildConfiguration;
			buildSettings = {
				ASSETCATALOG_COMPILER_APPICON_NAME = AppIcon;
				ASSETCATALOG_COMPILER_GLOBAL_ACCENT_COLOR_NAME = AccentColor;
				CODE_SIGN_ENTITLEMENTS = "flight-tracker/Overhead.entitlements";
				CODE_SIGN_STYLE = Automatic;
				CURRENT_PROJECT_VERSION = 1;
				DEVELOPMENT_TEAM = WU9QUY73F9;
				ENABLE_DEBUG_DYLIB = NO;
				ENABLE_PREVIEWS = YES;
				GENERATE_INFOPLIST_FILE = YES;
				INFOPLIST_FILE = OverheadURLScheme.plist;
				INFOPLIST_KEY_AERO_DATABOX_API_KEY = "$(AERO_DATABOX_API_KEY)";
				INFOPLIST_KEY_CFBundleDisplayName = Overhead;
				INFOPLIST_KEY_NSLocationWhenInUseUsageDescription = "Overhead uses your location to show aircraft flying near you.";
				INFOPLIST_KEY_OPEN_SKY_CLIENT_ID = "$(OPEN_SKY_CLIENT_ID)";
				INFOPLIST_KEY_OPEN_SKY_CLIENT_SECRET = "$(OPEN_SKY_CLIENT_SECRET)";
				INFOPLIST_KEY_UIApplicationSceneManifest_Generation = YES;
				INFOPLIST_KEY_UIApplicationSupportsIndirectInputEvents = YES;
				INFOPLIST_KEY_UILaunchScreen_Generation = YES;
				INFOPLIST_KEY_UISupportedInterfaceOrientations_iPad = "UIInterfaceOrientationPortrait UIInterfaceOrientationPortraitUpsideDown UIInterfaceOrientationLandscapeLeft UIInterfaceOrientationLandscapeRight";
				INFOPLIST_KEY_UISupportedInterfaceOrientations_iPhone = "UIInterfaceOrientationPortrait UIInterfaceOrientationLandscapeLeft UIInterfaceOrientationLandscapeRight";
				LD_RUNPATH_SEARCH_PATHS = (
					"$(inherited)",
					"@executable_path/Frameworks",
				);
				MARKETING_VERSION = 1.0;
				PRODUCT_BUNDLE_IDENTIFIER = "HK.flight-tracker";
				PRODUCT_NAME = "$(TARGET_NAME)";
				STRING_CATALOG_GENERATE_SYMBOLS = YES;
				SWIFT_APPROACHABLE_CONCURRENCY = YES;
				SWIFT_DEFAULT_ACTOR_ISOLATION = MainActor;
				SWIFT_EMIT_LOC_STRINGS = YES;
				SWIFT_UPCOMING_FEATURE_MEMBER_IMPORT_VISIBILITY = YES;
				SWIFT_VERSION = 5.0;
				TARGETED_DEVICE_FAMILY = "1,2";
			};
			name = Debug;
		};
		206B7C0C2FB68C6100940CD8 /* Release */ = {
			isa = XCBuildConfiguration;
			buildSettings = {
				ASSETCATALOG_COMPILER_APPICON_NAME = AppIcon;
				ASSETCATALOG_COMPILER_GLOBAL_ACCENT_COLOR_NAME = AccentColor;
				CODE_SIGN_ENTITLEMENTS = "flight-tracker/Overhead.entitlements";
				CODE_SIGN_STYLE = Automatic;
				CURRENT_PROJECT_VERSION = 1;
				DEVELOPMENT_TEAM = WU9QUY73F9;
				ENABLE_PREVIEWS = YES;
				GENERATE_INFOPLIST_FILE = YES;
				INFOPLIST_FILE = OverheadURLScheme.plist;
				INFOPLIST_KEY_AERO_DATABOX_API_KEY = "$(AERO_DATABOX_API_KEY)";
				INFOPLIST_KEY_CFBundleDisplayName = Overhead;
				INFOPLIST_KEY_NSLocationWhenInUseUsageDescription = "Overhead uses your location to show aircraft flying near you.";
				INFOPLIST_KEY_OPEN_SKY_CLIENT_ID = "$(OPEN_SKY_CLIENT_ID)";
				INFOPLIST_KEY_OPEN_SKY_CLIENT_SECRET = "$(OPEN_SKY_CLIENT_SECRET)";
				INFOPLIST_KEY_UIApplicationSceneManifest_Generation = YES;
				INFOPLIST_KEY_UIApplicationSupportsIndirectInputEvents = YES;
				INFOPLIST_KEY_UILaunchScreen_Generation = YES;
				INFOPLIST_KEY_UISupportedInterfaceOrientations_iPad = "UIInterfaceOrientationPortrait UIInterfaceOrientationPortraitUpsideDown UIInterfaceOrientationLandscapeLeft UIInterfaceOrientationLandscapeRight";
				INFOPLIST_KEY_UISupportedInterfaceOrientations_iPhone = "UIInterfaceOrientationPortrait UIInterfaceOrientationLandscapeLeft UIInterfaceOrientationLandscapeRight";
				LD_RUNPATH_SEARCH_PATHS = (
					"$(inherited)",
					"@executable_path/Frameworks",
				);
				MARKETING_VERSION = 1.0;
				PRODUCT_BUNDLE_IDENTIFIER = "HK.flight-tracker";
				PRODUCT_NAME = "$(TARGET_NAME)";
				STRING_CATALOG_GENERATE_SYMBOLS = YES;
				SWIFT_APPROACHABLE_CONCURRENCY = YES;
				SWIFT_DEFAULT_ACTOR_ISOLATION = MainActor;
				SWIFT_EMIT_LOC_STRINGS = YES;
				SWIFT_UPCOMING_FEATURE_MEMBER_IMPORT_VISIBILITY = YES;
				SWIFT_VERSION = 5.0;
				TARGETED_DEVICE_FAMILY = "1,2";
			};
			name = Release;
		};
		206B7C2A2FB68CA900940CD8 /* Debug */ = {
			isa = XCBuildConfiguration;
			buildSettings = {
				ASSETCATALOG_COMPILER_GLOBAL_ACCENT_COLOR_NAME = AccentColor;
				ASSETCATALOG_COMPILER_WIDGET_BACKGROUND_COLOR_NAME = WidgetBackground;
				CODE_SIGN_ENTITLEMENTS = FlightTrackerWidget/FlightTrackerWidget.entitlements;
				CODE_SIGN_STYLE = Automatic;
				CURRENT_PROJECT_VERSION = 1;
				DEVELOPMENT_TEAM = WU9QUY73F9;
				ENABLE_DEBUG_DYLIB = NO;
				GENERATE_INFOPLIST_FILE = YES;
				INFOPLIST_FILE = FlightTrackerWidget/Info.plist;
				INFOPLIST_KEY_CFBundleDisplayName = "Overhead Board";
				INFOPLIST_KEY_NSHumanReadableCopyright = "";
				INFOPLIST_KEY_NSLocationWhenInUseUsageDescription = "Shows flights near your location on the home screen.";
				LD_RUNPATH_SEARCH_PATHS = (
					"$(inherited)",
					"@executable_path/Frameworks",
					"@executable_path/../../Frameworks",
				);
				MARKETING_VERSION = 1.0;
				PRODUCT_BUNDLE_IDENTIFIER = "HK.flight-tracker.FlightTrackerWidget";
				PRODUCT_NAME = "$(TARGET_NAME)";
				SKIP_INSTALL = YES;
				STRING_CATALOG_GENERATE_SYMBOLS = YES;
				SWIFT_APPROACHABLE_CONCURRENCY = YES;
				SWIFT_EMIT_LOC_STRINGS = YES;
				SWIFT_UPCOMING_FEATURE_MEMBER_IMPORT_VISIBILITY = YES;
				SWIFT_VERSION = 5.0;
				TARGETED_DEVICE_FAMILY = "1,2";
			};
			name = Debug;
		};
		206B7C2B2FB68CA900940CD8 /* Release */ = {
			isa = XCBuildConfiguration;
			buildSettings = {
				ASSETCATALOG_COMPILER_GLOBAL_ACCENT_COLOR_NAME = AccentColor;
				ASSETCATALOG_COMPILER_WIDGET_BACKGROUND_COLOR_NAME = WidgetBackground;
				CODE_SIGN_ENTITLEMENTS = FlightTrackerWidget/FlightTrackerWidget.entitlements;
				CODE_SIGN_STYLE = Automatic;
				CURRENT_PROJECT_VERSION = 1;
				DEVELOPMENT_TEAM = WU9QUY73F9;
				GENERATE_INFOPLIST_FILE = YES;
				INFOPLIST_FILE = FlightTrackerWidget/Info.plist;
				INFOPLIST_KEY_CFBundleDisplayName = "Overhead Board";
				INFOPLIST_KEY_NSHumanReadableCopyright = "";
				INFOPLIST_KEY_NSLocationWhenInUseUsageDescription = "Shows flights near your location on the home screen.";
				LD_RUNPATH_SEARCH_PATHS = (
					"$(inherited)",
					"@executable_path/Frameworks",
					"@executable_path/../../Frameworks",
				);
				MARKETING_VERSION = 1.0;
				PRODUCT_BUNDLE_IDENTIFIER = "HK.flight-tracker.FlightTrackerWidget";
				PRODUCT_NAME = "$(TARGET_NAME)";
				SKIP_INSTALL = YES;
				STRING_CATALOG_GENERATE_SYMBOLS = YES;
				SWIFT_APPROACHABLE_CONCURRENCY = YES;
				SWIFT_EMIT_LOC_STRINGS = YES;
				SWIFT_UPCOMING_FEATURE_MEMBER_IMPORT_VISIBILITY = YES;
				SWIFT_VERSION = 5.0;
				TARGETED_DEVICE_FAMILY = "1,2";
			};
			name = Release;
		};
		206B7C4C2FB68DF100940CD8 /* Debug */ = {
			isa = XCBuildConfiguration;
			buildSettings = {
				ASSETCATALOG_COMPILER_APPICON_NAME = AppIcon;
				ASSETCATALOG_COMPILER_GLOBAL_ACCENT_COLOR_NAME = AccentColor;
				CODE_SIGN_STYLE = Automatic;
				CURRENT_PROJECT_VERSION = 1;
				DEVELOPMENT_TEAM = WU9QUY73F9;
				ENABLE_DEBUG_DYLIB = NO;
				ENABLE_PREVIEWS = YES;
				GENERATE_INFOPLIST_FILE = YES;
				INFOPLIST_KEY_AERO_DATABOX_API_KEY = "$(AERO_DATABOX_API_KEY)";
				INFOPLIST_KEY_CFBundleDisplayName = FlightTrackerWatch;
				INFOPLIST_KEY_NSLocationWhenInUseUsageDescription = "Flight Tracker uses your location to show aircraft flying near you.";
				INFOPLIST_KEY_OPEN_SKY_CLIENT_ID = "$(OPEN_SKY_CLIENT_ID)";
				INFOPLIST_KEY_OPEN_SKY_CLIENT_SECRET = "$(OPEN_SKY_CLIENT_SECRET)";
				INFOPLIST_KEY_UISupportedInterfaceOrientations = "UIInterfaceOrientationPortrait UIInterfaceOrientationPortraitUpsideDown";
				INFOPLIST_KEY_WKCompanionAppBundleIdentifier = "HK.flight-tracker";
				LD_RUNPATH_SEARCH_PATHS = (
					"$(inherited)",
					"@executable_path/Frameworks",
				);
				MARKETING_VERSION = 1.0;
				PRODUCT_BUNDLE_IDENTIFIER = "HK.flight-tracker.watchkitapp";
				PRODUCT_NAME = "$(TARGET_NAME)";
				SDKROOT = watchos;
				SKIP_INSTALL = YES;
				STRING_CATALOG_GENERATE_SYMBOLS = YES;
				SWIFT_APPROACHABLE_CONCURRENCY = YES;
				SWIFT_DEFAULT_ACTOR_ISOLATION = MainActor;
				SWIFT_EMIT_LOC_STRINGS = YES;
				SWIFT_UPCOMING_FEATURE_MEMBER_IMPORT_VISIBILITY = YES;
				SWIFT_VERSION = 5.0;
				TARGETED_DEVICE_FAMILY = 4;
				WATCHOS_DEPLOYMENT_TARGET = 26.2;
			};
			name = Debug;
		};
		206B7C4D2FB68DF100940CD8 /* Release */ = {
			isa = XCBuildConfiguration;
			buildSettings = {
				ASSETCATALOG_COMPILER_APPICON_NAME = AppIcon;
				ASSETCATALOG_COMPILER_GLOBAL_ACCENT_COLOR_NAME = AccentColor;
				CODE_SIGN_STYLE = Automatic;
				CURRENT_PROJECT_VERSION = 1;
				DEVELOPMENT_TEAM = WU9QUY73F9;
				ENABLE_PREVIEWS = YES;
				GENERATE_INFOPLIST_FILE = YES;
				INFOPLIST_KEY_AERO_DATABOX_API_KEY = "$(AERO_DATABOX_API_KEY)";
				INFOPLIST_KEY_CFBundleDisplayName = FlightTrackerWatch;
				INFOPLIST_KEY_NSLocationWhenInUseUsageDescription = "Flight Tracker uses your location to show aircraft flying near you.";
				INFOPLIST_KEY_OPEN_SKY_CLIENT_ID = "$(OPEN_SKY_CLIENT_ID)";
				INFOPLIST_KEY_OPEN_SKY_CLIENT_SECRET = "$(OPEN_SKY_CLIENT_SECRET)";
				INFOPLIST_KEY_UISupportedInterfaceOrientations = "UIInterfaceOrientationPortrait UIInterfaceOrientationPortraitUpsideDown";
				INFOPLIST_KEY_WKCompanionAppBundleIdentifier = "HK.flight-tracker";
				LD_RUNPATH_SEARCH_PATHS = (
					"$(inherited)",
					"@executable_path/Frameworks",
				);
				MARKETING_VERSION = 1.0;
				PRODUCT_BUNDLE_IDENTIFIER = "HK.flight-tracker.watchkitapp";
				PRODUCT_NAME = "$(TARGET_NAME)";
				SDKROOT = watchos;
				SKIP_INSTALL = YES;
				STRING_CATALOG_GENERATE_SYMBOLS = YES;
				SWIFT_APPROACHABLE_CONCURRENCY = YES;
				SWIFT_DEFAULT_ACTOR_ISOLATION = MainActor;
				SWIFT_EMIT_LOC_STRINGS = YES;
				SWIFT_UPCOMING_FEATURE_MEMBER_IMPORT_VISIBILITY = YES;
				SWIFT_VERSION = 5.0;
				TARGETED_DEVICE_FAMILY = 4;
				WATCHOS_DEPLOYMENT_TARGET = 26.2;
			};
			name = Release;
		};
/* End XCBuildConfiguration section */

/* Begin XCConfigurationList section */
		206B7BFA2FB68C5F00940CD8 /* Build configuration list for PBXProject "flight-tracker" */ = {
			isa = XCConfigurationList;
			buildConfigurations = (
				206B7C082FB68C6100940CD8 /* Debug */,
				206B7C092FB68C6100940CD8 /* Release */,
			);
			defaultConfigurationIsVisible = 0;
			defaultConfigurationName = Release;
		};
		206B7C0A2FB68C6100940CD8 /* Build configuration list for PBXNativeTarget "flight-tracker" */ = {
			isa = XCConfigurationList;
			buildConfigurations = (
				206B7C0B2FB68C6100940CD8 /* Debug */,
				206B7C0C2FB68C6100940CD8 /* Release */,
			);
			defaultConfigurationIsVisible = 0;
			defaultConfigurationName = Release;
		};
		206B7C292FB68CA900940CD8 /* Build configuration list for PBXNativeTarget "FlightTrackerWidgetExtension" */ = {
			isa = XCConfigurationList;
			buildConfigurations = (
				206B7C2A2FB68CA900940CD8 /* Debug */,
				206B7C2B2FB68CA900940CD8 /* Release */,
			);
			defaultConfigurationIsVisible = 0;
			defaultConfigurationName = Release;
		};
		206B7C4B2FB68DF100940CD8 /* Build configuration list for PBXNativeTarget "FlightTrackerWatch Watch App" */ = {
			isa = XCConfigurationList;
			buildConfigurations = (
				206B7C4C2FB68DF100940CD8 /* Debug */,
				206B7C4D2FB68DF100940CD8 /* Release */,
			);
			defaultConfigurationIsVisible = 0;
			defaultConfigurationName = Release;
		};
/* End XCConfigurationList section */
	};
	rootObject = 206B7BF72FB68C5F00940CD8 /* Project object */;
}
